<?xml version="1.0" encoding="utf-8"?>
<Project ToolsVersion="4.0" xmlns="http://schemas.microsoft.com/developer/msbuild/2003">
  <ItemGroup>
    <Filter Include="Archivos de código fuente">
      <UniqueIdentifier>{4FC737F1-C7A5-4376-A066-2A32D752A2FF}</UniqueIdentifier>
      <Extensions>cpp;c;cc;cxx;def;odl;idl;hpj;bat;asm;asmx</Extensions>
    </Filter>
    <Filter Include="Archivos de encabezado">
      <UniqueIdentifier>{93995380-89BD-4b04-88EB-625FBE52EBFB}</UniqueIdentifier>
      <Extensions>h;hh;hpp;hxx;hm;inl;inc;xsd</Extensions>
    </Filter>
    <Filter Include="Archivos de recursos">
      <UniqueIdentifier>{67DA6AB6-F800-4c08-8B7A-83BB121AAD01}</UniqueIdentifier>
      <Extensions>rc;ico;cur;bmp;dlg;rc2;rct;bin;rgs;gif;jpg;jpeg;jpe;resx;tiff;tif;png;wav;mfcribbon-ms</Extensions>
    </Filter>
  </ItemGroup>
  <ItemGroup>
    <None Include="packages.config" />
  </ItemGroup>
  <ItemGroup>
    <ClCompile Include="camara.cpp">
      <Filter>Archivos de código fuente</Filter>
    </ClCompile>
    <ClCompile Include="cilindro.cpp">
      <Filter>Archivos de código fuente</Filter>
    </ClCompile>
    <ClCompile Include="compuesto.cpp">
      <Filter>Archivos de código fuente</Filter>
    </ClCompile>
    <ClCompile Include="cubo.cpp">
      <Filter>Archivos de código fuente</Filter>
    </ClCompile>
    <ClCompile Include="escena.cpp">
      <Filter>Archivos de código fuente</Filter>
    </ClCompile>
    <ClCompile Include="esfera.cpp">
      <Filter>Archivos de código fuente</Filter>
    </ClCompile>
    <ClCompile Include="fondo.cpp">
      <Filter>Archivos de código fuente</Filter>
    </ClCompile>
    <ClCompile Include="fondo_textura.cpp">
      <Filter>Archivos de código fuente</Filter>
    </ClCompile>
    <ClCompile Include="luz.cpp">
      <Filter>Archivos de código fuente</Filter>
    </ClCompile>
    <ClCompile Include="modelo.cpp">
      <Filter>Archivos de código fuente</Filter>
    </ClCompile>
    <ClCompile Include="motorJuegosOpenGLbaseOOclases.cpp">
      <Filter>Archivos de código fuente</Filter>
    </ClCompile>
    <ClCompile Include="pared.cpp">
      <Filter>Archivos de código fuente</Filter>
    </ClCompile>
    <ClCompile Include="plano.cpp">
      <Filter>Archivos de código fuente</Filter>
    </ClCompile>
    <ClCompile Include="proyeccion.cpp">
      <Filter>Archivos de código fuente</Filter>
    </ClCompile>
    <ClCompile Include="proyeccion_perspectiva.cpp">
      <Filter>Archivos de código fuente</Filter>
    </ClCompile>
    <ClCompile Include="rectangulo.cpp">
      <Filter>Archivos de código fuente</Filter>
    </ClCompile>
    <ClCompile Include="rosco.cpp">
      <Filter>Archivos de código fuente</Filter>
    </ClCompile>
    <ClCompile Include="textura.cpp">
      <Filter>Archivos de código fuente</Filter>
    </ClCompile>
    <ClCompile Include="triangulo.cpp">
      <Filter>Archivos de código fuente</Filter>
    </ClCompile>
    <ClCompile Include="vector3d.cpp">
      <Filter>Archivos de código fuente</Filter>
    </ClCompile>
    <ClCompile Include="quaternion.cpp">
      <Filter>Archivos de código fuente</Filter>
    </ClCompile>
  </ItemGroup>
  <ItemGroup>
    <ClInclude Include="camara.h">
      <Filter>Archivos de código fuente</Filter>
    </ClInclude>
    <ClInclude Include="cilindro.h">
      <Filter>Archivos de código fuente</Filter>
    </ClInclude>
    <ClInclude Include="compuesto.h">
      <Filter>Archivos de código fuente</Filter>
    </ClInclude>
    <ClInclude Include="cubo.h">
      <Filter>Archivos de código fuente</Filter>
    </ClInclude>
    <ClInclude Include="escena.h">
      <Filter>Archivos de código fuente</Filter>
    </ClInclude>
    <ClInclude Include="esfera.h">
      <Filter>Archivos de código fuente</Filter>
    </ClInclude>
    <ClInclude Include="fondo.h">
      <Filter>Archivos de código fuente</Filter>
    </ClInclude>
    <ClInclude Include="fondo_textura.h">
      <Filter>Archivos de código fuente</Filter>
    </ClInclude>
    <ClInclude Include="fuerza.h">
      <Filter>Archivos de código fuente</Filter>
    </ClInclude>
    <ClInclude Include="fuerza_amortiguada.h">
      <Filter>Archivos de código fuente</Filter>
    </ClInclude>
    <ClInclude Include="fuerza_elastica.h">
      <Filter>Archivos de código fuente</Filter>
    </ClInclude>
    <ClInclude Include="luz.h">
      <Filter>Archivos de código fuente</Filter>
    </ClInclude>
    <ClInclude Include="modelo.h">
      <Filter>Archivos de código fuente</Filter>
    </ClInclude>
    <ClInclude Include="pared.h">
      <Filter>Archivos de código fuente</Filter>
    </ClInclude>
    <ClInclude Include="plano.h">
      <Filter>Archivos de código fuente</Filter>
    </ClInclude>
    <ClInclude Include="pose_estimation_chessboard.h">
      <Filter>Archivos de código fuente</Filter>
    </ClInclude>
    <ClInclude Include="proyeccion.h">
      <Filter>Archivos de código fuente</Filter>
    </ClInclude>
    <ClInclude Include="proyeccion_perspectiva.h">
      <Filter>Archivos de código fuente</Filter>
    </ClInclude>
    <ClInclude Include="rectangulo.h">
      <Filter>Archivos de código fuente</Filter>
    </ClInclude>
    <ClInclude Include="rosco.h">
      <Filter>Archivos de código fuente</Filter>
    </ClInclude>
    <ClInclude Include="solido.h">
      <Filter>Archivos de código fuente</Filter>
    </ClInclude>
    <ClInclude Include="textura.h">
      <Filter>Archivos de código fuente</Filter>
    </ClInclude>
    <ClInclude Include="triangulo.h">
      <Filter>Archivos de código fuente</Filter>
    </ClInclude>
    <ClInclude Include="vector3d.h">
      <Filter>Archivos de código fuente</Filter>
    </ClInclude>
    <ClInclude Include="vista.h">
      <Filter>Archivos de código fuente</Filter>
    </ClInclude>
    <ClInclude Include="quaternion.h">
      <Filter>Archivos de código fuente</Filter>
    </ClInclude>
  </ItemGroup>
</Project>